// !$*UTF8*$!
{
	archiveVersion = 1;
	classes = {
	};
	objectVersion = 50;
	objects = {

/* Begin PBXBuildFile section */
		F97D19762518A8A3000127AB /* AppDelegate.swift in Sources */ = {isa = PBXBuildFile; fileRef = F97D19752518A8A3000127AB /* AppDelegate.swift */; };
		F97D19782518A8A3000127AB /* SceneDelegate.swift in Sources */ = {isa = PBXBuildFile; fileRef = F97D19772518A8A3000127AB /* SceneDelegate.swift */; };
		F97D197A2518A8A3000127AB /* ViewController.swift in Sources */ = {isa = PBXBuildFile; fileRef = F97D19792518A8A3000127AB /* ViewController.swift */; };
		F97D197D2518A8A3000127AB /* Main.storyboard in Resources */ = {isa = PBXBuildFile; fileRef = F97D197B2518A8A3000127AB /* Main.storyboard */; };
		F97D197F2518A8A7000127AB /* Assets.xcassets in Resources */ = {isa = PBXBuildFile; fileRef = F97D197E2518A8A7000127AB /* Assets.xcassets */; };
		F97D19822518A8A7000127AB /* LaunchScreen.storyboard in Resources */ = {isa = PBXBuildFile; fileRef = F97D19802518A8A7000127AB /* LaunchScreen.storyboard */; };
		F97D198D2518A8A8000127AB /* TechitterfirebaseTests.swift in Sources */ = {isa = PBXBuildFile; fileRef = F97D198C2518A8A8000127AB /* TechitterfirebaseTests.swift */; };
		F97D19982518A8A8000127AB /* TechitterfirebaseUITests.swift in Sources */ = {isa = PBXBuildFile; fileRef = F97D19972518A8A8000127AB /* TechitterfirebaseUITests.swift */; };
/* End PBXBuildFile section */

/* Begin PBXContainerItemProxy section */
		F97D19892518A8A8000127AB /* PBXContainerItemProxy */ = {
			isa = PBXContainerItemProxy;
			containerPortal = F97D196A2518A8A3000127AB /* Project object */;
			proxyType = 1;
			remoteGlobalIDString = F97D19712518A8A3000127AB;
			remoteInfo = Techitterfirebase;
		};
		F97D19942518A8A8000127AB /* PBXContainerItemProxy */ = {
			isa = PBXContainerItemProxy;
			containerPortal = F97D196A2518A8A3000127AB /* Project object */;
			proxyType = 1;
			remoteGlobalIDString = F97D19712518A8A3000127AB;
			remoteInfo = Techitterfirebase;
		};
/* End PBXContainerItemProxy section */

/* Begin PBXFileReference section */
		F97D19722518A8A3000127AB /* Techitterfirebase.app */ = {isa = PBXFileReference; explicitFileType = wrapper.application; includeInIndex = 0; path = Techitterfirebase.app; sourceTree = BUILT_PRODUCTS_DIR; };
		F97D19752518A8A3000127AB /* AppDelegate.swift */ = {isa = PBXFileReference; lastKnownFileType = sourcecode.swift; path = AppDelegate.swift; sourceTree = "<group>"; };
		F97D19772518A8A3000127AB /* SceneDelegate.swift */ = {isa = PBXFileReference; lastKnownFileType = sourcecode.swift; path = SceneDelegate.swift; sourceTree = "<group>"; };
		F97D19792518A8A3000127AB /* ViewController.swift */ = {isa = PBXFileReference; lastKnownFileType = sourcecode.swift; path = ViewController.swift; sourceTree = "<group>"; };
		F97D197C2518A8A3000127AB /* Base */ = {isa = PBXFileReference; lastKnownFileType = file.storyboard; name = Base; path = Base.lproj/Main.storyboard; sourceTree = "<group>"; };
		F97D197E2518A8A7000127AB /* Assets.xcassets */ = {isa = PBXFileReference; lastKnownFileType = folder.assetcatalog; path = Assets.xcassets; sourceTree = "<group>"; };
		F97D19812518A8A7000127AB /* Base */ = {isa = PBXFileReference; lastKnownFileType = file.storyboard; name = Base; path = Base.lproj/LaunchScreen.storyboard; sourceTree = "<group>"; };
		F97D19832518A8A7000127AB /* Info.plist */ = {isa = PBXFileReference; lastKnownFileType = text.plist.xml; path = Info.plist; sourceTree = "<group>"; };
		F97D19882518A8A8000127AB /* TechitterfirebaseTests.xctest */ = {isa = PBXFileReference; explicitFileType = wrapper.cfbundle; includeInIndex = 0; path = TechitterfirebaseTests.xctest; sourceTree = BUILT_PRODUCTS_DIR; };
		F97D198C2518A8A8000127AB /* TechitterfirebaseTests.swift */ = {isa = PBXFileReference; lastKnownFileType = sourcecode.swift; path = TechitterfirebaseTests.swift; sourceTree = "<group>"; };
		F97D198E2518A8A8000127AB /* Info.plist */ = {isa = PBXFileReference; lastKnownFileType = text.plist.xml; path = Info.plist; sourceTree = "<group>"; };
		F97D19932518A8A8000127AB /* TechitterfirebaseUITests.xctest */ = {isa = PBXFileReference; explicitFileType = wrapper.cfbundle; includeInIndex = 0; path = TechitterfirebaseUITests.xctest; sourceTree = BUILT_PRODUCTS_DIR; };
		F97D19972518A8A8000127AB /* TechitterfirebaseUITests.swift */ = {isa = PBXFileReference; lastKnownFileType = sourcecode.swift; path = TechitterfirebaseUITests.swift; sourceTree = "<group>"; };
		F97D19992518A8A8000127AB /* Info.plist */ = {isa = PBXFileReference; lastKnownFileType = text.plist.xml; path = Info.plist; sourceTree = "<group>"; };
/* End PBXFileReference section */

/* Begin PBXFrameworksBuildPhase section */
		F97D196F2518A8A3000127AB /* Frameworks */ = {
			isa = PBXFrameworksBuildPhase;
			buildActionMask = 2147483647;
			files = (
			);
			runOnlyForDeploymentPostprocessing = 0;
		};
		F97D19852518A8A8000127AB /* Frameworks */ = {
			isa = PBXFrameworksBuildPhase;
			buildActionMask = 2147483647;
			files = (
			);
			runOnlyForDeploymentPostprocessing = 0;
		};
		F97D19902518A8A8000127AB /* Frameworks */ = {
			isa = PBXFrameworksBuildPhase;
			buildActionMask = 2147483647;
			files = (
			);
			runOnlyForDeploymentPostprocessing = 0;
		};
/* End PBXFrameworksBuildPhase section */

/* Begin PBXGroup section */
		F97D19692518A8A3000127AB = {
			isa = PBXGroup;
			children = (
				F97D19742518A8A3000127AB /* Techitterfirebase */,
				F97D198B2518A8A8000127AB /* TechitterfirebaseTests */,
				F97D19962518A8A8000127AB /* TechitterfirebaseUITests */,
				F97D19732518A8A3000127AB /* Products */,
			);
			sourceTree = "<group>";
		};
		F97D19732518A8A3000127AB /* Products */ = {
			isa = PBXGroup;
			children = (
				F97D19722518A8A3000127AB /* Techitterfirebase.app */,
				F97D19882518A8A8000127AB /* TechitterfirebaseTests.xctest */,
				F97D19932518A8A8000127AB /* TechitterfirebaseUITests.xctest */,
			);
			name = Products;
			sourceTree = "<group>";
		};
		F97D19742518A8A3000127AB /* Techitterfirebase */ = {
			isa = PBXGroup;
			children = (
				F97D19752518A8A3000127AB /* AppDelegate.swift */,
				F97D19772518A8A3000127AB /* SceneDelegate.swift */,
				F97D19792518A8A3000127AB /* ViewController.swift */,
				F97D197B2518A8A3000127AB /* Main.storyboard */,
				F97D197E2518A8A7000127AB /* Assets.xcassets */,
				F97D19802518A8A7000127AB /* LaunchScreen.storyboard */,
				F97D19832518A8A7000127AB /* Info.plist */,
			);
			path = Techitterfirebase;
			sourceTree = "<group>";
		};
		F97D198B2518A8A8000127AB /* TechitterfirebaseTests */ = {
			isa = PBXGroup;
			children = (
				F97D198C2518A8A8000127AB /* TechitterfirebaseTests.swift */,
				F97D198E2518A8A8000127AB /* Info.plist */,
			);
			path = TechitterfirebaseTests;
			sourceTree = "<group>";
		};
		F97D19962518A8A8000127AB /* TechitterfirebaseUITests */ = {
			isa = PBXGroup;
			children = (
				F97D19972518A8A8000127AB /* TechitterfirebaseUITests.swift */,
				F97D19992518A8A8000127AB /* Info.plist */,
			);
			path = TechitterfirebaseUITests;
			sourceTree = "<group>";
		};
/* End PBXGroup section */

/* Begin PBXNativeTarget section */
		F97D19712518A8A3000127AB /* Techitterfirebase */ = {
			isa = PBXNativeTarget;
			buildConfigurationList = F97D199C2518A8A8000127AB /* Build configuration list for PBXNativeTarget "Techitterfirebase" */;
			buildPhases = (
				F97D196E2518A8A3000127AB /* Sources */,
				F97D196F2518A8A3000127AB /* Frameworks */,
				F97D19702518A8A3000127AB /* Resources */,
			);
			buildRules = (
			);
			dependencies = (
			);
			name = Techitterfirebase;
			productName = Techitterfirebase;
			productReference = F97D19722518A8A3000127AB /* Techitterfirebase.app */;
			productType = "com.apple.product-type.application";
		};
		F97D19872518A8A8000127AB /* TechitterfirebaseTests */ = {
			isa = PBXNativeTarget;
			buildConfigurationList = F97D199F2518A8A8000127AB /* Build configuration list for PBXNativeTarget "TechitterfirebaseTests" */;
			buildPhases = (
				F97D19842518A8A8000127AB /* Sources */,
				F97D19852518A8A8000127AB /* Frameworks */,
				F97D19862518A8A8000127AB /* Resources */,
			);
			buildRules = (
			);
			dependencies = (
				F97D198A2518A8A8000127AB /* PBXTargetDependency */,
			);
			name = TechitterfirebaseTests;
			productName = TechitterfirebaseTests;
			productReference = F97D19882518A8A8000127AB /* TechitterfirebaseTests.xctest */;
			productType = "com.apple.product-type.bundle.unit-test";
		};
		F97D19922518A8A8000127AB /* TechitterfirebaseUITests */ = {
			isa = PBXNativeTarget;
			buildConfigurationList = F97D19A22518A8A8000127AB /* Build configuration list for PBXNativeTarget "TechitterfirebaseUITests" */;
			buildPhases = (
				F97D198F2518A8A8000127AB /* Sources */,
				F97D19902518A8A8000127AB /* Frameworks */,
				F97D19912518A8A8000127AB /* Resources */,
			);
			buildRules = (
			);
			dependencies = (
				F97D19952518A8A8000127AB /* PBXTargetDependency */,
			);
			name = TechitterfirebaseUITests;
			productName = TechitterfirebaseUITests;
			productReference = F97D19932518A8A8000127AB /* TechitterfirebaseUITests.xctest */;
			productType = "com.apple.product-type.bundle.ui-testing";
		};
/* End PBXNativeTarget section */

/* Begin PBXProject section */
		F97D196A2518A8A3000127AB /* Project object */ = {
			isa = PBXProject;
			attributes = {
				LastSwiftUpdateCheck = 1200;
				LastUpgradeCheck = 1200;
				TargetAttributes = {
					F97D19712518A8A3000127AB = {
						CreatedOnToolsVersion = 12.0;
					};
					F97D19872518A8A8000127AB = {
						CreatedOnToolsVersion = 12.0;
						TestTargetID = F97D19712518A8A3000127AB;
					};
					F97D19922518A8A8000127AB = {
						CreatedOnToolsVersion = 12.0;
						TestTargetID = F97D19712518A8A3000127AB;
					};
				};
			};
			buildConfigurationList = F97D196D2518A8A3000127AB /* Build configuration list for PBXProject "Techitterfirebase" */;
			compatibilityVersion = "Xcode 9.3";
			developmentRegion = en;
			hasScannedForEncodings = 0;
			knownRegions = (
				en,
				Base,
			);
			mainGroup = F97D19692518A8A3000127AB;
			productRefGroup = F97D19732518A8A3000127AB /* Products */;
			projectDirPath = "";
			projectRoot = "";
			targets = (
				F97D19712518A8A3000127AB /* Techitterfirebase */,
				F97D19872518A8A8000127AB /* TechitterfirebaseTests */,
				F97D19922518A8A8000127AB /* TechitterfirebaseUITests */,
			);
		};
/* End PBXProject section */

/* Begin PBXResourcesBuildPhase section */
		F97D19702518A8A3000127AB /* Resources */ = {
			isa = PBXResourcesBuildPhase;
			buildActionMask = 2147483647;
			files = (
				F97D19822518A8A7000127AB /* LaunchScreen.storyboard in Resources */,
				F97D197F2518A8A7000127AB /* Assets.xcassets in Resources */,
				F97D197D2518A8A3000127AB /* Main.storyboard in Resources */,
			);
			runOnlyForDeploymentPostprocessing = 0;
		};
		F97D19862518A8A8000127AB /* Resources */ = {
			isa = PBXResourcesBuildPhase;
			buildActionMask = 2147483647;
			files = (
			);
			runOnlyForDeploymentPostprocessing = 0;
		};
		F97D19912518A8A8000127AB /* Resources */ = {
			isa = PBXResourcesBuildPhase;
			buildActionMask = 2147483647;
			files = (
			);
			runOnlyForDeploymentPostprocessing = 0;
		};
/* End PBXResourcesBuildPhase section */

/* Begin PBXSourcesBuildPhase section */
		F97D196E2518A8A3000127AB /* Sources */ = {
			isa = PBXSourcesBuildPhase;
			buildActionMask = 2147483647;
			files = (
				F97D197A2518A8A3000127AB /* ViewController.swift in Sources */,
				F97D19762518A8A3000127AB /* AppDelegate.swift in Sources */,
				F97D19782518A8A3000127AB /* SceneDelegate.swift in Sources */,
			);
			runOnlyForDeploymentPostprocessing = 0;
		};
		F97D19842518A8A8000127AB /* Sources */ = {
			isa = PBXSourcesBuildPhase;
			buildActionMask = 2147483647;
			files = (
				F97D198D2518A8A8000127AB /* TechitterfirebaseTests.swift in Sources */,
			);
			runOnlyForDeploymentPostprocessing = 0;
		};
		F97D198F2518A8A8000127AB /* Sources */ = {
			isa = PBXSourcesBuildPhase;
			buildActionMask = 2147483647;
			files = (
				F97D19982518A8A8000127AB /* TechitterfirebaseUITests.swift in Sources */,
			);
			runOnlyForDeploymentPostprocessing = 0;
		};
/* End PBXSourcesBuildPhase section */

/* Begin PBXTargetDependency section */
		F97D198A2518A8A8000127AB /* PBXTargetDependency */ = {
			isa = PBXTargetDependency;
			target = F97D19712518A8A3000127AB /* Techitterfirebase */;
			targetProxy = F97D19892518A8A8000127AB /* PBXContainerItemProxy */;
		};
		F97D19952518A8A8000127AB /* PBXTargetDependency */ = {
			isa = PBXTargetDependency;
			target = F97D19712518A8A3000127AB /* Techitterfirebase */;
			targetProxy = F97D19942518A8A8000127AB /* PBXContainerItemProxy */;
		};
/* End PBXTargetDependency section */

/* Begin PBXVariantGroup section */
		F97D197B2518A8A3000127AB /* Main.storyboard */ = {
			isa = PBXVariantGroup;
			children = (
				F97D197C2518A8A3000127AB /* Base */,
			);
			name = Main.storyboard;
			sourceTree = "<group>";
		};
		F97D19802518A8A7000127AB /* LaunchScreen.storyboard */ = {
			isa = PBXVariantGroup;
			children = (
				F97D19812518A8A7000127AB /* Base */,
			);
			name = LaunchScreen.storyboard;
			sourceTree = "<group>";
		};
/* End PBXVariantGroup section */

/* Begin XCBuildConfiguration section */
		F97D199A2518A8A8000127AB /* Debug */ = {
			isa = XCBuildConfiguration;
			buildSettings = {
				ALWAYS_SEARCH_USER_PATHS = NO;
				CLANG_ANALYZER_NONNULL = YES;
				CLANG_ANALYZER_NUMBER_OBJECT_CONVERSION = YES_AGGRESSIVE;
				CLANG_CXX_LANGUAGE_STANDARD = "gnu++14";
				CLANG_CXX_LIBRARY = "libc++";
				CLANG_ENABLE_MODULES = YES;
				CLANG_ENABLE_OBJC_ARC = YES;
				CLANG_ENABLE_OBJC_WEAK = YES;
				CLANG_WARN_BLOCK_CAPTURE_AUTORELEASING = YES;
				CLANG_WARN_BOOL_CONVERSION = YES;
				CLANG_WARN_COMMA = YES;
				CLANG_WARN_CONSTANT_CONVERSION = YES;
				CLANG_WARN_DEPRECATED_OBJC_IMPLEMENTATIONS = YES;
				CLANG_WARN_DIRECT_OBJC_ISA_USAGE = YES_ERROR;
				CLANG_WARN_DOCUMENTATION_COMMENTS = YES;
				CLANG_WARN_EMPTY_BODY = YES;
				CLANG_WARN_ENUM_CONVERSION = YES;
				CLANG_WARN_INFINITE_RECURSION = YES;
				CLANG_WARN_INT_CONVERSION = YES;
				CLANG_WARN_NON_LITERAL_NULL_CONVERSION = YES;
				CLANG_WARN_OBJC_IMPLICIT_RETAIN_SELF = YES;
				CLANG_WARN_OBJC_LITERAL_CONVERSION = YES;
				CLANG_WARN_OBJC_ROOT_CLASS = YES_ERROR;
				CLANG_WARN_QUOTED_INCLUDE_IN_FRAMEWORK_HEADER = YES;
				CLANG_WARN_RANGE_LOOP_ANALYSIS = YES;
				CLANG_WARN_STRICT_PROTOTYPES = YES;
				CLANG_WARN_SUSPICIOUS_MOVE = YES;
				CLANG_WARN_UNGUARDED_AVAILABILITY = YES_AGGRESSIVE;
				CLANG_WARN_UNREACHABLE_CODE = YES;
				CLANG_WARN__DUPLICATE_METHOD_MATCH = YES;
				COPY_PHASE_STRIP = NO;
				DEBUG_INFORMATION_FORMAT = dwarf;
				ENABLE_STRICT_OBJC_MSGSEND = YES;
				ENABLE_TESTABILITY = YES;
				GCC_C_LANGUAGE_STANDARD = gnu11;
				GCC_DYNAMIC_NO_PIC = NO;
				GCC_NO_COMMON_BLOCKS = YES;
				GCC_OPTIMIZATION_LEVEL = 0;
				GCC_PREPROCESSOR_DEFINITIONS = (
					"DEBUG=1",
					"$(inherited)",
				);
				GCC_WARN_64_TO_32_BIT_CONVERSION = YES;
				GCC_WARN_ABOUT_RETURN_TYPE = YES_ERROR;
				GCC_WARN_UNDECLARED_SELECTOR = YES;
				GCC_WARN_UNINITIALIZED_AUTOS = YES_AGGRESSIVE;
				GCC_WARN_UNUSED_FUNCTION = YES;
				GCC_WARN_UNUSED_VARIABLE = YES;
				IPHONEOS_DEPLOYMENT_TARGET = 14.0;
				MTL_ENABLE_DEBUG_INFO = INCLUDE_SOURCE;
				MTL_FAST_MATH = YES;
				ONLY_ACTIVE_ARCH = YES;
				SDKROOT = iphoneos;
				SWIFT_ACTIVE_COMPILATION_CONDITIONS = DEBUG;
				SWIFT_OPTIMIZATION_LEVEL = "-Onone";
			};
			name = Debug;
		};
		F97D199B2518A8A8000127AB /* Release */ = {
			isa = XCBuildConfiguration;
			buildSettings = {
				ALWAYS_SEARCH_USER_PATHS = NO;
				CLANG_ANALYZER_NONNULL = YES;
				CLANG_ANALYZER_NUMBER_OBJECT_CONVERSION = YES_AGGRESSIVE;
				CLANG_CXX_LANGUAGE_STANDARD = "gnu++14";
				CLANG_CXX_LIBRARY = "libc++";
				CLANG_ENABLE_MODULES = YES;
				CLANG_ENABLE_OBJC_ARC = YES;
				CLANG_ENABLE_OBJC_WEAK = YES;
				CLANG_WARN_BLOCK_CAPTURE_AUTORELEASING = YES;
				CLANG_WARN_BOOL_CONVERSION = YES;
				CLANG_WARN_COMMA = YES;
				CLANG_WARN_CONSTANT_CONVERSION = YES;
				CLANG_WARN_DEPRECATED_OBJC_IMPLEMENTATIONS = YES;
				CLANG_WARN_DIRECT_OBJC_ISA_USAGE = YES_ERROR;
				CLANG_WARN_DOCUMENTATION_COMMENTS = YES;
				CLANG_WARN_EMPTY_BODY = YES;
				CLANG_WARN_ENUM_CONVERSION = YES;
				CLANG_WARN_INFINITE_RECURSION = YES;
				CLANG_WARN_INT_CONVERSION = YES;
				CLANG_WARN_NON_LITERAL_NULL_CONVERSION = YES;
				CLANG_WARN_OBJC_IMPLICIT_RETAIN_SELF = YES;
				CLANG_WARN_OBJC_LITERAL_CONVERSION = YES;
				CLANG_WARN_OBJC_ROOT_CLASS = YES_ERROR;
				CLANG_WARN_QUOTED_INCLUDE_IN_FRAMEWORK_HEADER = YES;
				CLANG_WARN_RANGE_LOOP_ANALYSIS = YES;
				CLANG_WARN_STRICT_PROTOTYPES = YES;
				CLANG_WARN_SUSPICIOUS_MOVE = YES;
				CLANG_WARN_UNGUARDED_AVAILABILITY = YES_AGGRESSIVE;
				CLANG_WARN_UNREACHABLE_CODE = YES;
				CLANG_WARN__DUPLICATE_METHOD_MATCH = YES;
				COPY_PHASE_STRIP = NO;
				DEBUG_INFORMATION_FORMAT = "dwarf-with-dsym";
				ENABLE_NS_ASSERTIONS = NO;
				ENABLE_STRICT_OBJC_MSGSEND = YES;
				GCC_C_LANGUAGE_STANDARD = gnu11;
				GCC_NO_COMMON_BLOCKS = YES;
				GCC_WARN_64_TO_32_BIT_CONVERSION = YES;
				GCC_WARN_ABOUT_RETURN_TYPE = YES_ERROR;
				GCC_WARN_UNDECLARED_SELECTOR = YES;
				GCC_WARN_UNINITIALIZED_AUTOS = YES_AGGRESSIVE;
				GCC_WARN_UNUSED_FUNCTION = YES;
				GCC_WARN_UNUSED_VARIABLE = YES;
				IPHONEOS_DEPLOYMENT_TARGET = 14.0;
				MTL_ENABLE_DEBUG_INFO = NO;
				MTL_FAST_MATH = YES;
				SDKROOT = iphoneos;
				SWIFT_COMPILATION_MODE = wholemodule;
				SWIFT_OPTIMIZATION_LEVEL = "-O";
				VALIDATE_PRODUCT = YES;
			};
			name = Release;
		};
		F97D199D2518A8A8000127AB /* Debug */ = {
			isa = XCBuildConfiguration;
			buildSettings = {
				ASSETCATALOG_COMPILER_APPICON_NAME = AppIcon;
				ASSETCATALOG_COMPILER_GLOBAL_ACCENT_COLOR_NAME = AccentColor;
				CODE_SIGN_STYLE = Automatic;
				DEVELOPMENT_TEAM = F9X9VCT8TE;
				INFOPLIST_FILE = Techitterfirebase/Info.plist;
				LD_RUNPATH_SEARCH_PATHS = (
					"$(inherited)",
					"@executable_path/Frameworks",
				);
				PRODUCT_BUNDLE_IDENTIFIER = app.kihomori.morita.Techitterfirebase;
				PRODUCT_NAME = "$(TARGET_NAME)";
				SWIFT_VERSION = 5.0;
				TARGETED_DEVICE_FAMILY = "1,2";
			};
			name = Debug;
		};
		F97D199E2518A8A8000127AB /* Release */ = {
			isa = XCBuildConfiguration;
			buildSettings = {
				ASSETCATALOG_COMPILER_APPICON_NAME = AppIcon;
				ASSETCATALOG_COMPILER_GLOBAL_ACCENT_COLOR_NAME = AccentColor;
				CODE_SIGN_STYLE = Automatic;
				DEVELOPMENT_TEAM = F9X9VCT8TE;
				INFOPLIST_FILE = Techitterfirebase/Info.plist;
				LD_RUNPATH_SEARCH_PATHS = (
					"$(inherited)",
					"@executable_path/Frameworks",
				);
				PRODUCT_BUNDLE_IDENTIFIER = app.kihomori.morita.Techitterfirebase;
				PRODUCT_NAME = "$(TARGET_NAME)";
				SWIFT_VERSION = 5.0;
				TARGETED_DEVICE_FAMILY = "1,2";
			};
			name = Release;
		};
		F97D19A02518A8A8000127AB /* Debug */ = {
			isa = XCBuildConfiguration;
			buildSettings = {
				ALWAYS_EMBED_SWIFT_STANDARD_LIBRARIES = YES;
				BUNDLE_LOADER = "$(TEST_HOST)";
				CODE_SIGN_STYLE = Automatic;
				DEVELOPMENT_TEAM = F9X9VCT8TE;
				INFOPLIST_FILE = TechitterfirebaseTests/Info.plist;
				IPHONEOS_DEPLOYMENT_TARGET = 14.0;
				LD_RUNPATH_SEARCH_PATHS = (
					"$(inherited)",
					"@executable_path/Frameworks",
					"@loader_path/Frameworks",
				);
				PRODUCT_BUNDLE_IDENTIFIER = app.kihomori.morita.TechitterfirebaseTests;
				PRODUCT_NAME = "$(TARGET_NAME)";
				SWIFT_VERSION = 5.0;
				TARGETED_DEVICE_FAMILY = "1,2";
				TEST_HOST = "$(BUILT_PRODUCTS_DIR)/Techitterfirebase.app/Techitterfirebase";
			};
			name = Debug;
		};
		F97D19A12518A8A8000127AB /* Release */ = {
			isa = XCBuildConfiguration;
			buildSettings = {
				ALWAYS_EMBED_SWIFT_STANDARD_LIBRARIES = YES;
				BUNDLE_LOADER = "$(TEST_HOST)";
				CODE_SIGN_STYLE = Automatic;
				DEVELOPMENT_TEAM = F9X9VCT8TE;
				INFOPLIST_FILE = TechitterfirebaseTests/Info.plist;
				IPHONEOS_DEPLOYMENT_TARGET = 14.0;
				LD_RUNPATH_SEARCH_PATHS = (
					"$(inherited)",
					"@executable_path/Frameworks",
					"@loader_path/Frameworks",
				);
				PRODUCT_BUNDLE_IDENTIFIER = app.kihomori.morita.TechitterfirebaseTests;
				PRODUCT_NAME = "$(TARGET_NAME)";
				SWIFT_VERSION = 5.0;
				TARGETED_DEVICE_FAMILY = "1,2";
				TEST_HOST = "$(BUILT_PRODUCTS_DIR)/Techitterfirebase.app/Techitterfirebase";
			};
			name = Release;
		};
		F97D19A32518A8A8000127AB /* Debug */ = {
			isa = XCBuildConfiguration;
			buildSettings = {
				ALWAYS_EMBED_SWIFT_STANDARD_LIBRARIES = YES;
				CODE_SIGN_STYLE = Automatic;
				DEVELOPMENT_TEAM = F9X9VCT8TE;
				INFOPLIST_FILE = TechitterfirebaseUITests/Info.plist;
				LD_RUNPATH_SEARCH_PATHS = (
					"$(inherited)",
					"@executable_path/Frameworks",
					"@loader_path/Frameworks",
				);
				PRODUCT_BUNDLE_IDENTIFIER = app.kihomori.morita.TechitterfirebaseUITests;
				PRODUCT_NAME = "$(TARGET_NAME)";
				SWIFT_VERSION = 5.0;
				TARGETED_DEVICE_FAMILY = "1,2";
				TEST_TARGET_NAME = Techitterfirebase;
			};
			name = Debug;
		};
		F97D19A42518A8A8000127AB /* Release */ = {
			isa = XCBuildConfiguration;
			buildSettings = {
				ALWAYS_EMBED_SWIFT_STANDARD_LIBRARIES = YES;
				CODE_SIGN_STYLE = Automatic;
				DEVELOPMENT_TEAM = F9X9VCT8TE;
				INFOPLIST_FILE = TechitterfirebaseUITests/Info.plist;
				LD_RUNPATH_SEARCH_PATHS = (
					"$(inherited)",
					"@executable_path/Frameworks",
					"@loader_path/Frameworks",
				);
				PRODUCT_BUNDLE_IDENTIFIER = app.kihomori.morita.TechitterfirebaseUITests;
				PRODUCT_NAME = "$(TARGET_NAME)";
				SWIFT_VERSION = 5.0;
				TARGETED_DEVICE_FAMILY = "1,2";
				TEST_TARGET_NAME = Techitterfirebase;
			};
			name = Release;
		};
/* End XCBuildConfiguration section */

/* Begin XCConfigurationList section */
		F97D196D2518A8A3000127AB /* Build configuration list for PBXProject "Techitterfirebase" */ = {
			isa = XCConfigurationList;
			buildConfigurations = (
				F97D199A2518A8A8000127AB /* Debug */,
				F97D199B2518A8A8000127AB /* Release */,
			);
			defaultConfigurationIsVisible = 0;
			defaultConfigurationName = Release;
		};
		F97D199C2518A8A8000127AB /* Build configuration list for PBXNativeTarget "Techitterfirebase" */ = {
			isa = XCConfigurationList;
			buildConfigurations = (
				F97D199D2518A8A8000127AB /* Debug */,
				F97D199E2518A8A8000127AB /* Release */,
			);
			defaultConfigurationIsVisible = 0;
			defaultConfigurationName = Release;
		};
		F97D199F2518A8A8000127AB /* Build configuration list for PBXNativeTarget "TechitterfirebaseTests" */ = {
			isa = XCConfigurationList;
			buildConfigurations = (
				F97D19A02518A8A8000127AB /* Debug */,
				F97D19A12518A8A8000127AB /* Release */,
			);
			defaultConfigurationIsVisible = 0;
			defaultConfigurationName = Release;
		};
		F97D19A22518A8A8000127AB /* Build configuration list for PBXNativeTarget "TechitterfirebaseUITests" */ = {
			isa = XCConfigurationList;
			buildConfigurations = (
				F97D19A32518A8A8000127AB /* Debug */,
				F97D19A42518A8A8000127AB /* Release */,
			);
			defaultConfigurationIsVisible = 0;
			defaultConfigurationName = Release;
		};
/* End XCConfigurationList section */
	};
	rootObject = F97D196A2518A8A3000127AB /* Project object */;
}
